
Microsoft Visual Studio Solution File, Format Version 12.00
# Visual Studio 15
VisualStudioVersion = 15.0.28010.0
MinimumVisualStudioVersion = 10.0.40219.1
Project("{FAE04EC0-301F-11D3-BF4B-00C04F79EFBC}") = "csharp-example", "csharp-example\csharp-example.csproj", "{0B129BB6-9527-4306-94B4-43BBCFDA7E11}"
EndProject
Global
	GlobalSection(SolutionConfigurationPlatforms) = preSolution
		Debug|Any CPU = Debug|Any CPU
		Release|Any CPU = Release|Any CPU
	EndGlobalSection
	GlobalSection(ProjectConfigurationPlatforms) = postSolution
		{0B129BB6-9527-4306-94B4-43BBCFDA7E11}.Debug|Any CPU.ActiveCfg = Debug|Any CPU
		{0B129BB6-9527-4306-94B4-43BBCFDA7E11}.Debug|Any CPU.Build.0 = Debug|Any CPU
		{0B129BB6-9527-4306-94B4-43BBCFDA7E11}.Release|Any CPU.ActiveCfg = Release|Any CPU
		{0B129BB6-9527-4306-94B4-43BBCFDA7E11}.Release|Any CPU.Build.0 = Release|Any CPU
	EndGlobalSection
	GlobalSection(SolutionProperties) = preSolution
		HideSolutionNode = FALSE
	EndGlobalSection
	GlobalSection(ExtensibilityGlobals) = postSolution
		SolutionGuid = {38F86E19-0C66-492A-9401-8985871139C9}
	EndGlobalSection
EndGlobal
